
Microsoft Visual Studio Solution File, Format Version 12.00
# Visual Studio Version 16
VisualStudioVersion = 16.0.29512.175
MinimumVisualStudioVersion = 10.0.40219.1
Project("{FAE04EC0-301F-11D3-BF4B-00C04F79EFBC}") = "CustomAdaptor-Drag-Drop", "CustomAdaptor-Drag-Drop\CustomAdaptor-Drag-Drop.csproj", "{CFD0FF1A-A818-452D-A822-48AEDDAFD440}"
EndProject
Global
	GlobalSection(SolutionConfigurationPlatforms) = preSolution
		Debug|Any CPU = Debug|Any CPU
		Release|Any CPU = Release|Any CPU
	EndGlobalSection
	GlobalSection(ProjectConfigurationPlatforms) = postSolution
		{CFD0FF1A-A818-452D-A822-48AEDDAFD440}.Debug|Any CPU.ActiveCfg = Debug|Any CPU
		{CFD0FF1A-A818-452D-A822-48AEDDAFD440}.Debug|Any CPU.Build.0 = Debug|Any CPU
		{CFD0FF1A-A818-452D-A822-48AEDDAFD440}.Release|Any CPU.ActiveCfg = Release|Any CPU
		{CFD0FF1A-A818-452D-A822-48AEDDAFD440}.Release|Any CPU.Build.0 = Release|Any CPU
	EndGlobalSection
	GlobalSection(SolutionProperties) = preSolution
		HideSolutionNode = FALSE
	EndGlobalSection
	GlobalSection(ExtensibilityGlobals) = postSolution
		SolutionGuid = {5EFD6B82-B6E5-49C3-BB63-E585FF598386}
	EndGlobalSection
EndGlobal
